// !$*UTF8*$!
{
	archiveVersion = 1;
	classes = {
	};
	objectVersion = 51;
	objects = {

/* Begin PBXBuildFile section */
		4BFAE713214D182D98BB6515 /* Pods_SWDemoAppTests.framework in Frameworks */ = {isa = PBXBuildFile; fileRef = F81DE28F58DD1078EE47A918 /* Pods_SWDemoAppTests.framework */; };
		57AF01D5440E4A769F3F7B71 /* Pods_SWDemoApp_SWDemoAppUITests.framework in Frameworks */ = {isa = PBXBuildFile; fileRef = 530BE80517E4410020CC6A32 /* Pods_SWDemoApp_SWDemoAppUITests.framework */; };
		83DEFD0FB13AD13B45E9D76C /* Pods_SWDemoApp.framework in Frameworks */ = {isa = PBXBuildFile; fileRef = F7AE278F77EEBE64FAE1B4EE /* Pods_SWDemoApp.framework */; };
		B308E716261B231F00E45656 /* AppDelegate.swift in Sources */ = {isa = PBXBuildFile; fileRef = B308E715261B231F00E45656 /* AppDelegate.swift */; };
		B308E71F261B232000E45656 /* Assets.xcassets in Resources */ = {isa = PBXBuildFile; fileRef = B308E71E261B232000E45656 /* Assets.xcassets */; };
		B308E722261B232000E45656 /* LaunchScreen.storyboard in Resources */ = {isa = PBXBuildFile; fileRef = B308E720261B232000E45656 /* LaunchScreen.storyboard */; };
		B308E72D261B232100E45656 /* SWDemoAppTests.swift in Sources */ = {isa = PBXBuildFile; fileRef = B308E72C261B232100E45656 /* SWDemoAppTests.swift */; };
		B308E738261B232100E45656 /* SWDemoAppUITests.swift in Sources */ = {isa = PBXBuildFile; fileRef = B308E737261B232100E45656 /* SWDemoAppUITests.swift */; };
		B308E773261B25EB00E45656 /* ModalTransition.swift in Sources */ = {isa = PBXBuildFile; fileRef = B308E76B261B25EA00E45656 /* ModalTransition.swift */; };
		B308E774261B25EB00E45656 /* PlaceOnWindowTransition.swift in Sources */ = {isa = PBXBuildFile; fileRef = B308E76C261B25EA00E45656 /* PlaceOnWindowTransition.swift */; };
		B308E775261B25EB00E45656 /* Transition.swift in Sources */ = {isa = PBXBuildFile; fileRef = B308E76D261B25EA00E45656 /* Transition.swift */; };
		B308E776261B25EB00E45656 /* PushTransition.swift in Sources */ = {isa = PBXBuildFile; fileRef = B308E76E261B25EA00E45656 /* PushTransition.swift */; };
		B308E777261B25EB00E45656 /* Animator.swift in Sources */ = {isa = PBXBuildFile; fileRef = B308E770261B25EA00E45656 /* Animator.swift */; };
		B308E778261B25EB00E45656 /* Router.swift in Sources */ = {isa = PBXBuildFile; fileRef = B308E771261B25EA00E45656 /* Router.swift */; };
		B308E779261B25EB00E45656 /* AppRouter.swift in Sources */ = {isa = PBXBuildFile; fileRef = B308E772261B25EA00E45656 /* AppRouter.swift */; };
		B308E782261B29EC00E45656 /* LoginRouter.swift in Sources */ = {isa = PBXBuildFile; fileRef = B308E77F261B29EC00E45656 /* LoginRouter.swift */; };
		B308E783261B29EC00E45656 /* LoginViewController.swift in Sources */ = {isa = PBXBuildFile; fileRef = B308E780261B29EC00E45656 /* LoginViewController.swift */; };
		B308E784261B29EC00E45656 /* LoginViewModel.swift in Sources */ = {isa = PBXBuildFile; fileRef = B308E781261B29EC00E45656 /* LoginViewModel.swift */; };
		B308E78C261B2A0500E45656 /* LoginRoute.swift in Sources */ = {isa = PBXBuildFile; fileRef = B308E78B261B2A0500E45656 /* LoginRoute.swift */; };
		B308E798261B2ACB00E45656 /* BaseViewController.swift in Sources */ = {isa = PBXBuildFile; fileRef = B308E797261B2ACB00E45656 /* BaseViewController.swift */; };
		B308E7A0261B2ADD00E45656 /* BaseViewModel.swift in Sources */ = {isa = PBXBuildFile; fileRef = B308E79F261B2ADD00E45656 /* BaseViewModel.swift */; };
		B308E7B0261B2D2500E45656 /* swiftgen.yml in Resources */ = {isa = PBXBuildFile; fileRef = B308E7AE261B2D2500E45656 /* swiftgen.yml */; };
		B308E7B1261B2D2500E45656 /* .swiftlint.yml in Resources */ = {isa = PBXBuildFile; fileRef = B308E7AF261B2D2500E45656 /* .swiftlint.yml */; };
		B308E7BE261B2EEC00E45656 /* Colors.xcassets in Resources */ = {isa = PBXBuildFile; fileRef = B308E7BD261B2EEC00E45656 /* Colors.xcassets */; };
		B308E7CA261B2EF900E45656 /* Images.xcassets in Resources */ = {isa = PBXBuildFile; fileRef = B308E7C9261B2EF900E45656 /* Images.xcassets */; };
		B308E7DE261B315B00E45656 /* Assets.swift in Sources */ = {isa = PBXBuildFile; fileRef = B308E7DB261B315A00E45656 /* Assets.swift */; };
		B308E7DF261B315B00E45656 /* UIColor+Colors.swift in Sources */ = {isa = PBXBuildFile; fileRef = B308E7DC261B315B00E45656 /* UIColor+Colors.swift */; };
		B308E7E0261B315B00E45656 /* UIImage+Images.swift in Sources */ = {isa = PBXBuildFile; fileRef = B308E7DD261B315B00E45656 /* UIImage+Images.swift */; };
		B308E7E6261B341300E45656 /* CALayer+Extension.swift in Sources */ = {isa = PBXBuildFile; fileRef = B308E7E5261B341300E45656 /* CALayer+Extension.swift */; };
		B308E7F2261B35F400E45656 /* Gradient.swift in Sources */ = {isa = PBXBuildFile; fileRef = B308E7F1261B35F400E45656 /* Gradient.swift */; };
		B308E803261B608100E45656 /* Fonts.swift in Sources */ = {isa = PBXBuildFile; fileRef = B308E7FE261B607F00E45656 /* Fonts.swift */; };
		B308E80B261B60A200E45656 /* UIFont+Extensions.swift in Sources */ = {isa = PBXBuildFile; fileRef = B308E80A261B60A200E45656 /* UIFont+Extensions.swift */; };
		B308E829261B6EBA00E45656 /* omnes-light.ttf in Resources */ = {isa = PBXBuildFile; fileRef = B308E826261B6EBA00E45656 /* omnes-light.ttf */; };
		B308E82A261B6EBA00E45656 /* omnes-semibold.ttf in Resources */ = {isa = PBXBuildFile; fileRef = B308E827261B6EBA00E45656 /* omnes-semibold.ttf */; };
		B308E82B261B6EBA00E45656 /* omnes-regular.ttf in Resources */ = {isa = PBXBuildFile; fileRef = B308E828261B6EBA00E45656 /* omnes-regular.ttf */; };
		B308E830261B6F3700E45656 /* UIView+Extension.swift in Sources */ = {isa = PBXBuildFile; fileRef = B308E82F261B6F3700E45656 /* UIView+Extension.swift */; };
		B308E835261B7AC100E45656 /* UIStackView+Extension.swift in Sources */ = {isa = PBXBuildFile; fileRef = B308E834261B7AC100E45656 /* UIStackView+Extension.swift */; };
		B308E83C261B814900E45656 /* BaseTextField.swift in Sources */ = {isa = PBXBuildFile; fileRef = B308E83B261B814900E45656 /* BaseTextField.swift */; };
		B308E844261B965400E45656 /* BaseButton.swift in Sources */ = {isa = PBXBuildFile; fileRef = B308E843261B965300E45656 /* BaseButton.swift */; };
		B308E85B261BAE7800E45656 /* RegisterRouter.swift in Sources */ = {isa = PBXBuildFile; fileRef = B308E858261BAE7800E45656 /* RegisterRouter.swift */; };
		B308E85C261BAE7800E45656 /* RegisterViewController.swift in Sources */ = {isa = PBXBuildFile; fileRef = B308E859261BAE7800E45656 /* RegisterViewController.swift */; };
		B308E85D261BAE7800E45656 /* RegisterViewModel.swift in Sources */ = {isa = PBXBuildFile; fileRef = B308E85A261BAE7800E45656 /* RegisterViewModel.swift */; };
		B308E865261BAE9000E45656 /* RegisterRoute.swift in Sources */ = {isa = PBXBuildFile; fileRef = B308E864261BAE9000E45656 /* RegisterRoute.swift */; };
		B308E86A261C4F3600E45656 /* UIImage+Extension.swift in Sources */ = {isa = PBXBuildFile; fileRef = B308E869261C4F3500E45656 /* UIImage+Extension.swift */; };
		B308E870261C513E00E45656 /* Closures.swift in Sources */ = {isa = PBXBuildFile; fileRef = B308E86F261C513E00E45656 /* Closures.swift */; };
		B308E87F261C5ECD00E45656 /* RegisterTopCard.swift in Sources */ = {isa = PBXBuildFile; fileRef = B308E87E261C5ECD00E45656 /* RegisterTopCard.swift */; };
		B308E88A261C7BCA00E45656 /* SignUpRouter.swift in Sources */ = {isa = PBXBuildFile; fileRef = B308E887261C7BCA00E45656 /* SignUpRouter.swift */; };
		B308E88B261C7BCA00E45656 /* SignUpViewController.swift in Sources */ = {isa = PBXBuildFile; fileRef = B308E888261C7BCA00E45656 /* SignUpViewController.swift */; };
		B308E88C261C7BCA00E45656 /* SignUpViewModel.swift in Sources */ = {isa = PBXBuildFile; fileRef = B308E889261C7BCA00E45656 /* SignUpViewModel.swift */; };
		B308E894261C7BE100E45656 /* SignUpRoute.swift in Sources */ = {isa = PBXBuildFile; fileRef = B308E893261C7BE100E45656 /* SignUpRoute.swift */; };
		B308E89A261C81B300E45656 /* AppTextField.swift in Sources */ = {isa = PBXBuildFile; fileRef = B308E899261C81B300E45656 /* AppTextField.swift */; };
		B308E8DF261CB04800E45656 /* CheckBox.swift in Sources */ = {isa = PBXBuildFile; fileRef = B308E8DE261CB04700E45656 /* CheckBox.swift */; };
		B308E8F5261CC34600E45656 /* CategoriesRouter.swift in Sources */ = {isa = PBXBuildFile; fileRef = B308E8F2261CC34500E45656 /* CategoriesRouter.swift */; };
		B308E8F6261CC34600E45656 /* CategoriesViewController.swift in Sources */ = {isa = PBXBuildFile; fileRef = B308E8F3261CC34500E45656 /* CategoriesViewController.swift */; };
		B308E8F7261CC34600E45656 /* CategoriesViewModel.swift in Sources */ = {isa = PBXBuildFile; fileRef = B308E8F4261CC34500E45656 /* CategoriesViewModel.swift */; };
		B308E8FF261CC35E00E45656 /* CategoriesRoute.swift in Sources */ = {isa = PBXBuildFile; fileRef = B308E8FE261CC35E00E45656 /* CategoriesRoute.swift */; };
		B308E907261CC49100E45656 /* CategoryCell.swift in Sources */ = {isa = PBXBuildFile; fileRef = B308E905261CC49100E45656 /* CategoryCell.swift */; };
		B308E908261CC49200E45656 /* CategoryCellModel.swift in Sources */ = {isa = PBXBuildFile; fileRef = B308E906261CC49100E45656 /* CategoryCellModel.swift */; };
		B308E914261CC5C000E45656 /* ReusableView.swift in Sources */ = {isa = PBXBuildFile; fileRef = B308E913261CC5C000E45656 /* ReusableView.swift */; };
		B308E919261CC97700E45656 /* UICollectionView+Extension.swift in Sources */ = {isa = PBXBuildFile; fileRef = B308E918261CC97700E45656 /* UICollectionView+Extension.swift */; };
		B308E923261CE53100E45656 /* CategoryHeaderCell.swift in Sources */ = {isa = PBXBuildFile; fileRef = B308E921261CE53100E45656 /* CategoryHeaderCell.swift */; };
		B308E924261CE53100E45656 /* CategoryHeaderCellModel.swift in Sources */ = {isa = PBXBuildFile; fileRef = B308E922261CE53100E45656 /* CategoryHeaderCellModel.swift */; };
		B308E92F261CF85400E45656 /* HomeRouter.swift in Sources */ = {isa = PBXBuildFile; fileRef = B308E92C261CF85400E45656 /* HomeRouter.swift */; };
		B308E930261CF85400E45656 /* HomeViewController.swift in Sources */ = {isa = PBXBuildFile; fileRef = B308E92D261CF85400E45656 /* HomeViewController.swift */; };
		B308E931261CF85400E45656 /* HomeViewModel.swift in Sources */ = {isa = PBXBuildFile; fileRef = B308E92E261CF85400E45656 /* HomeViewModel.swift */; };
		B308E939261CF88700E45656 /* HomeRoute.swift in Sources */ = {isa = PBXBuildFile; fileRef = B308E938261CF88700E45656 /* HomeRoute.swift */; };
		B308E93E261CFB8500E45656 /* BaseNavigationController.swift in Sources */ = {isa = PBXBuildFile; fileRef = B308E93D261CFB8500E45656 /* BaseNavigationController.swift */; };
		B308E95D261D8C3700E45656 /* MenuRouter.swift in Sources */ = {isa = PBXBuildFile; fileRef = B308E95A261D8C3700E45656 /* MenuRouter.swift */; };
		B308E95E261D8C3700E45656 /* MenuViewController.swift in Sources */ = {isa = PBXBuildFile; fileRef = B308E95B261D8C3700E45656 /* MenuViewController.swift */; };
		B308E95F261D8C3700E45656 /* MenuViewModel.swift in Sources */ = {isa = PBXBuildFile; fileRef = B308E95C261D8C3700E45656 /* MenuViewModel.swift */; };
		B308E96C261D8DED00E45656 /* MenuRoute.swift in Sources */ = {isa = PBXBuildFile; fileRef = B308E96B261D8DED00E45656 /* MenuRoute.swift */; };
		B308E971261D909400E45656 /* UITableView+Extension.swift in Sources */ = {isa = PBXBuildFile; fileRef = B308E970261D909400E45656 /* UITableView+Extension.swift */; };
		B308E978261D925C00E45656 /* MenuCell.swift in Sources */ = {isa = PBXBuildFile; fileRef = B308E976261D925C00E45656 /* MenuCell.swift */; };
		B308E979261D925C00E45656 /* MenuCellModel.swift in Sources */ = {isa = PBXBuildFile; fileRef = B308E977261D925C00E45656 /* MenuCellModel.swift */; };
		B308E983261DBEB900E45656 /* LatestUploadCell.swift in Sources */ = {isa = PBXBuildFile; fileRef = B308E981261DBEB900E45656 /* LatestUploadCell.swift */; };
		B308E984261DBEB900E45656 /* LatestUploadCellModel.swift in Sources */ = {isa = PBXBuildFile; fileRef = B308E982261DBEB900E45656 /* LatestUploadCellModel.swift */; };
		B308E98C261DC22000E45656 /* UISearchBar+Extension.swift in Sources */ = {isa = PBXBuildFile; fileRef = B308E98B261DC22000E45656 /* UISearchBar+Extension.swift */; };
		B308E9A9261DE32C00E45656 /* HomeCategoryCard.swift in Sources */ = {isa = PBXBuildFile; fileRef = B308E9A8261DE32C00E45656 /* HomeCategoryCard.swift */; };
/* End PBXBuildFile section */

/* Begin PBXContainerItemProxy section */
		B308E729261B232100E45656 /* PBXContainerItemProxy */ = {
			isa = PBXContainerItemProxy;
			containerPortal = B308E70A261B231F00E45656 /* Project object */;
			proxyType = 1;
			remoteGlobalIDString = B308E711261B231F00E45656;
			remoteInfo = SWDemoApp;
		};
		B308E734261B232100E45656 /* PBXContainerItemProxy */ = {
			isa = PBXContainerItemProxy;
			containerPortal = B308E70A261B231F00E45656 /* Project object */;
			proxyType = 1;
			remoteGlobalIDString = B308E711261B231F00E45656;
			remoteInfo = SWDemoApp;
		};
/* End PBXContainerItemProxy section */

/* Begin PBXFileReference section */
		3418516C0D3E4E3E524CE1F3 /* Pods-SWDemoApp.debug.xcconfig */ = {isa = PBXFileReference; includeInIndex = 1; lastKnownFileType = text.xcconfig; name = "Pods-SWDemoApp.debug.xcconfig"; path = "Target Support Files/Pods-SWDemoApp/Pods-SWDemoApp.debug.xcconfig"; sourceTree = "<group>"; };
		3E04BCEEE949A751F59481C3 /* Pods-SWDemoApp.release.xcconfig */ = {isa = PBXFileReference; includeInIndex = 1; lastKnownFileType = text.xcconfig; name = "Pods-SWDemoApp.release.xcconfig"; path = "Target Support Files/Pods-SWDemoApp/Pods-SWDemoApp.release.xcconfig"; sourceTree = "<group>"; };
		42971E6A7F98D10E50301E8F /* Pods-SWDemoApp-SWDemoAppUITests.release.xcconfig */ = {isa = PBXFileReference; includeInIndex = 1; lastKnownFileType = text.xcconfig; name = "Pods-SWDemoApp-SWDemoAppUITests.release.xcconfig"; path = "Target Support Files/Pods-SWDemoApp-SWDemoAppUITests/Pods-SWDemoApp-SWDemoAppUITests.release.xcconfig"; sourceTree = "<group>"; };
		530BE80517E4410020CC6A32 /* Pods_SWDemoApp_SWDemoAppUITests.framework */ = {isa = PBXFileReference; explicitFileType = wrapper.framework; includeInIndex = 0; path = Pods_SWDemoApp_SWDemoAppUITests.framework; sourceTree = BUILT_PRODUCTS_DIR; };
		8DE2295186FB0C06D09F8BB7 /* Pods-SWDemoAppTests.debug.xcconfig */ = {isa = PBXFileReference; includeInIndex = 1; lastKnownFileType = text.xcconfig; name = "Pods-SWDemoAppTests.debug.xcconfig"; path = "Target Support Files/Pods-SWDemoAppTests/Pods-SWDemoAppTests.debug.xcconfig"; sourceTree = "<group>"; };
		9FB4F892D081F999E5748E78 /* Pods-SWDemoAppTests.release.xcconfig */ = {isa = PBXFileReference; includeInIndex = 1; lastKnownFileType = text.xcconfig; name = "Pods-SWDemoAppTests.release.xcconfig"; path = "Target Support Files/Pods-SWDemoAppTests/Pods-SWDemoAppTests.release.xcconfig"; sourceTree = "<group>"; };
		B308E712261B231F00E45656 /* SWDemoApp.app */ = {isa = PBXFileReference; explicitFileType = wrapper.application; includeInIndex = 0; path = SWDemoApp.app; sourceTree = BUILT_PRODUCTS_DIR; };
		B308E715261B231F00E45656 /* AppDelegate.swift */ = {isa = PBXFileReference; lastKnownFileType = sourcecode.swift; path = AppDelegate.swift; sourceTree = "<group>"; };
		B308E71E261B232000E45656 /* Assets.xcassets */ = {isa = PBXFileReference; lastKnownFileType = folder.assetcatalog; path = Assets.xcassets; sourceTree = "<group>"; };
		B308E721261B232000E45656 /* Base */ = {isa = PBXFileReference; lastKnownFileType = file.storyboard; name = Base; path = Base.lproj/LaunchScreen.storyboard; sourceTree = "<group>"; };
		B308E723261B232000E45656 /* Info.plist */ = {isa = PBXFileReference; lastKnownFileType = text.plist.xml; path = Info.plist; sourceTree = "<group>"; };
		B308E728261B232100E45656 /* SWDemoAppTests.xctest */ = {isa = PBXFileReference; explicitFileType = wrapper.cfbundle; includeInIndex = 0; path = SWDemoAppTests.xctest; sourceTree = BUILT_PRODUCTS_DIR; };
		B308E72C261B232100E45656 /* SWDemoAppTests.swift */ = {isa = PBXFileReference; lastKnownFileType = sourcecode.swift; path = SWDemoAppTests.swift; sourceTree = "<group>"; };
		B308E72E261B232100E45656 /* Info.plist */ = {isa = PBXFileReference; lastKnownFileType = text.plist.xml; path = Info.plist; sourceTree = "<group>"; };
		B308E733261B232100E45656 /* SWDemoAppUITests.xctest */ = {isa = PBXFileReference; explicitFileType = wrapper.cfbundle; includeInIndex = 0; path = SWDemoAppUITests.xctest; sourceTree = BUILT_PRODUCTS_DIR; };
		B308E737261B232100E45656 /* SWDemoAppUITests.swift */ = {isa = PBXFileReference; lastKnownFileType = sourcecode.swift; path = SWDemoAppUITests.swift; sourceTree = "<group>"; };
		B308E739261B232100E45656 /* Info.plist */ = {isa = PBXFileReference; lastKnownFileType = text.plist.xml; path = Info.plist; sourceTree = "<group>"; };
		B308E76B261B25EA00E45656 /* ModalTransition.swift */ = {isa = PBXFileReference; fileEncoding = 4; lastKnownFileType = sourcecode.swift; path = ModalTransition.swift; sourceTree = "<group>"; };
		B308E76C261B25EA00E45656 /* PlaceOnWindowTransition.swift */ = {isa = PBXFileReference; fileEncoding = 4; lastKnownFileType = sourcecode.swift; path = PlaceOnWindowTransition.swift; sourceTree = "<group>"; };
		B308E76D261B25EA00E45656 /* Transition.swift */ = {isa = PBXFileReference; fileEncoding = 4; lastKnownFileType = sourcecode.swift; path = Transition.swift; sourceTree = "<group>"; };
		B308E76E261B25EA00E45656 /* PushTransition.swift */ = {isa = PBXFileReference; fileEncoding = 4; lastKnownFileType = sourcecode.swift; path = PushTransition.swift; sourceTree = "<group>"; };
		B308E770261B25EA00E45656 /* Animator.swift */ = {isa = PBXFileReference; fileEncoding = 4; lastKnownFileType = sourcecode.swift; path = Animator.swift; sourceTree = "<group>"; };
		B308E771261B25EA00E45656 /* Router.swift */ = {isa = PBXFileReference; fileEncoding = 4; lastKnownFileType = sourcecode.swift; path = Router.swift; sourceTree = "<group>"; };
		B308E772261B25EA00E45656 /* AppRouter.swift */ = {isa = PBXFileReference; fileEncoding = 4; lastKnownFileType = sourcecode.swift; path = AppRouter.swift; sourceTree = "<group>"; };
		B308E77F261B29EC00E45656 /* LoginRouter.swift */ = {isa = PBXFileReference; lastKnownFileType = sourcecode.swift; path = LoginRouter.swift; sourceTree = "<group>"; };
		B308E780261B29EC00E45656 /* LoginViewController.swift */ = {isa = PBXFileReference; lastKnownFileType = sourcecode.swift; path = LoginViewController.swift; sourceTree = "<group>"; };
		B308E781261B29EC00E45656 /* LoginViewModel.swift */ = {isa = PBXFileReference; lastKnownFileType = sourcecode.swift; path = LoginViewModel.swift; sourceTree = "<group>"; };
		B308E78B261B2A0500E45656 /* LoginRoute.swift */ = {isa = PBXFileReference; lastKnownFileType = sourcecode.swift; path = LoginRoute.swift; sourceTree = "<group>"; };
		B308E797261B2ACB00E45656 /* BaseViewController.swift */ = {isa = PBXFileReference; lastKnownFileType = sourcecode.swift; path = BaseViewController.swift; sourceTree = "<group>"; };
		B308E79F261B2ADD00E45656 /* BaseViewModel.swift */ = {isa = PBXFileReference; lastKnownFileType = sourcecode.swift; path = BaseViewModel.swift; sourceTree = "<group>"; };
		B308E7AE261B2D2500E45656 /* swiftgen.yml */ = {isa = PBXFileReference; fileEncoding = 4; lastKnownFileType = text.yaml; path = swiftgen.yml; sourceTree = "<group>"; };
		B308E7AF261B2D2500E45656 /* .swiftlint.yml */ = {isa = PBXFileReference; fileEncoding = 4; lastKnownFileType = text.yaml; path = .swiftlint.yml; sourceTree = "<group>"; };
		B308E7BD261B2EEC00E45656 /* Colors.xcassets */ = {isa = PBXFileReference; lastKnownFileType = folder.assetcatalog; path = Colors.xcassets; sourceTree = "<group>"; };
		B308E7C9261B2EF900E45656 /* Images.xcassets */ = {isa = PBXFileReference; lastKnownFileType = folder.assetcatalog; path = Images.xcassets; sourceTree = "<group>"; };
		B308E7DB261B315A00E45656 /* Assets.swift */ = {isa = PBXFileReference; fileEncoding = 4; lastKnownFileType = sourcecode.swift; path = Assets.swift; sourceTree = "<group>"; };
		B308E7DC261B315B00E45656 /* UIColor+Colors.swift */ = {isa = PBXFileReference; fileEncoding = 4; lastKnownFileType = sourcecode.swift; path = "UIColor+Colors.swift"; sourceTree = "<group>"; };
		B308E7DD261B315B00E45656 /* UIImage+Images.swift */ = {isa = PBXFileReference; fileEncoding = 4; lastKnownFileType = sourcecode.swift; path = "UIImage+Images.swift"; sourceTree = "<group>"; };
		B308E7E5261B341300E45656 /* CALayer+Extension.swift */ = {isa = PBXFileReference; lastKnownFileType = sourcecode.swift; path = "CALayer+Extension.swift"; sourceTree = "<group>"; };
		B308E7F1261B35F400E45656 /* Gradient.swift */ = {isa = PBXFileReference; lastKnownFileType = sourcecode.swift; path = Gradient.swift; sourceTree = "<group>"; };
		B308E7FE261B607F00E45656 /* Fonts.swift */ = {isa = PBXFileReference; fileEncoding = 4; lastKnownFileType = sourcecode.swift; path = Fonts.swift; sourceTree = "<group>"; };
		B308E80A261B60A200E45656 /* UIFont+Extensions.swift */ = {isa = PBXFileReference; lastKnownFileType = sourcecode.swift; path = "UIFont+Extensions.swift"; sourceTree = "<group>"; };
		B308E826261B6EBA00E45656 /* omnes-light.ttf */ = {isa = PBXFileReference; lastKnownFileType = file; path = "omnes-light.ttf"; sourceTree = "<group>"; };
		B308E827261B6EBA00E45656 /* omnes-semibold.ttf */ = {isa = PBXFileReference; lastKnownFileType = file; path = "omnes-semibold.ttf"; sourceTree = "<group>"; };
		B308E828261B6EBA00E45656 /* omnes-regular.ttf */ = {isa = PBXFileReference; lastKnownFileType = file; path = "omnes-regular.ttf"; sourceTree = "<group>"; };
		B308E82F261B6F3700E45656 /* UIView+Extension.swift */ = {isa = PBXFileReference; lastKnownFileType = sourcecode.swift; path = "UIView+Extension.swift"; sourceTree = "<group>"; };
		B308E834261B7AC100E45656 /* UIStackView+Extension.swift */ = {isa = PBXFileReference; lastKnownFileType = sourcecode.swift; path = "UIStackView+Extension.swift"; sourceTree = "<group>"; };
		B308E83B261B814900E45656 /* BaseTextField.swift */ = {isa = PBXFileReference; lastKnownFileType = sourcecode.swift; path = BaseTextField.swift; sourceTree = "<group>"; };
		B308E843261B965300E45656 /* BaseButton.swift */ = {isa = PBXFileReference; lastKnownFileType = sourcecode.swift; path = BaseButton.swift; sourceTree = "<group>"; };
		B308E858261BAE7800E45656 /* RegisterRouter.swift */ = {isa = PBXFileReference; lastKnownFileType = sourcecode.swift; path = RegisterRouter.swift; sourceTree = "<group>"; };
		B308E859261BAE7800E45656 /* RegisterViewController.swift */ = {isa = PBXFileReference; lastKnownFileType = sourcecode.swift; path = RegisterViewController.swift; sourceTree = "<group>"; };
		B308E85A261BAE7800E45656 /* RegisterViewModel.swift */ = {isa = PBXFileReference; lastKnownFileType = sourcecode.swift; path = RegisterViewModel.swift; sourceTree = "<group>"; };
		B308E864261BAE9000E45656 /* RegisterRoute.swift */ = {isa = PBXFileReference; lastKnownFileType = sourcecode.swift; path = RegisterRoute.swift; sourceTree = "<group>"; };
		B308E869261C4F3500E45656 /* UIImage+Extension.swift */ = {isa = PBXFileReference; lastKnownFileType = sourcecode.swift; path = "UIImage+Extension.swift"; sourceTree = "<group>"; };
		B308E86F261C513E00E45656 /* Closures.swift */ = {isa = PBXFileReference; lastKnownFileType = sourcecode.swift; path = Closures.swift; sourceTree = "<group>"; };
		B308E87E261C5ECD00E45656 /* RegisterTopCard.swift */ = {isa = PBXFileReference; lastKnownFileType = sourcecode.swift; path = RegisterTopCard.swift; sourceTree = "<group>"; };
		B308E887261C7BCA00E45656 /* SignUpRouter.swift */ = {isa = PBXFileReference; lastKnownFileType = sourcecode.swift; path = SignUpRouter.swift; sourceTree = "<group>"; };
		B308E888261C7BCA00E45656 /* SignUpViewController.swift */ = {isa = PBXFileReference; lastKnownFileType = sourcecode.swift; path = SignUpViewController.swift; sourceTree = "<group>"; };
		B308E889261C7BCA00E45656 /* SignUpViewModel.swift */ = {isa = PBXFileReference; lastKnownFileType = sourcecode.swift; path = SignUpViewModel.swift; sourceTree = "<group>"; };
		B308E893261C7BE100E45656 /* SignUpRoute.swift */ = {isa = PBXFileReference; lastKnownFileType = sourcecode.swift; path = SignUpRoute.swift; sourceTree = "<group>"; };
		B308E899261C81B300E45656 /* AppTextField.swift */ = {isa = PBXFileReference; lastKnownFileType = sourcecode.swift; path = AppTextField.swift; sourceTree = "<group>"; };
		B308E8DE261CB04700E45656 /* CheckBox.swift */ = {isa = PBXFileReference; lastKnownFileType = sourcecode.swift; path = CheckBox.swift; sourceTree = "<group>"; };
		B308E8F2261CC34500E45656 /* CategoriesRouter.swift */ = {isa = PBXFileReference; lastKnownFileType = sourcecode.swift; path = CategoriesRouter.swift; sourceTree = "<group>"; };
		B308E8F3261CC34500E45656 /* CategoriesViewController.swift */ = {isa = PBXFileReference; lastKnownFileType = sourcecode.swift; path = CategoriesViewController.swift; sourceTree = "<group>"; };
		B308E8F4261CC34500E45656 /* CategoriesViewModel.swift */ = {isa = PBXFileReference; lastKnownFileType = sourcecode.swift; path = CategoriesViewModel.swift; sourceTree = "<group>"; };
		B308E8FE261CC35E00E45656 /* CategoriesRoute.swift */ = {isa = PBXFileReference; lastKnownFileType = sourcecode.swift; path = CategoriesRoute.swift; sourceTree = "<group>"; };
		B308E905261CC49100E45656 /* CategoryCell.swift */ = {isa = PBXFileReference; lastKnownFileType = sourcecode.swift; path = CategoryCell.swift; sourceTree = "<group>"; };
		B308E906261CC49100E45656 /* CategoryCellModel.swift */ = {isa = PBXFileReference; lastKnownFileType = sourcecode.swift; path = CategoryCellModel.swift; sourceTree = "<group>"; };
		B308E913261CC5C000E45656 /* ReusableView.swift */ = {isa = PBXFileReference; lastKnownFileType = sourcecode.swift; path = ReusableView.swift; sourceTree = "<group>"; };
		B308E918261CC97700E45656 /* UICollectionView+Extension.swift */ = {isa = PBXFileReference; lastKnownFileType = sourcecode.swift; path = "UICollectionView+Extension.swift"; sourceTree = "<group>"; };
		B308E921261CE53100E45656 /* CategoryHeaderCell.swift */ = {isa = PBXFileReference; lastKnownFileType = sourcecode.swift; path = CategoryHeaderCell.swift; sourceTree = "<group>"; };
		B308E922261CE53100E45656 /* CategoryHeaderCellModel.swift */ = {isa = PBXFileReference; lastKnownFileType = sourcecode.swift; path = CategoryHeaderCellModel.swift; sourceTree = "<group>"; };
		B308E92C261CF85400E45656 /* HomeRouter.swift */ = {isa = PBXFileReference; lastKnownFileType = sourcecode.swift; path = HomeRouter.swift; sourceTree = "<group>"; };
		B308E92D261CF85400E45656 /* HomeViewController.swift */ = {isa = PBXFileReference; lastKnownFileType = sourcecode.swift; path = HomeViewController.swift; sourceTree = "<group>"; };
		B308E92E261CF85400E45656 /* HomeViewModel.swift */ = {isa = PBXFileReference; lastKnownFileType = sourcecode.swift; path = HomeViewModel.swift; sourceTree = "<group>"; };
		B308E938261CF88700E45656 /* HomeRoute.swift */ = {isa = PBXFileReference; lastKnownFileType = sourcecode.swift; path = HomeRoute.swift; sourceTree = "<group>"; };
		B308E93D261CFB8500E45656 /* BaseNavigationController.swift */ = {isa = PBXFileReference; lastKnownFileType = sourcecode.swift; path = BaseNavigationController.swift; sourceTree = "<group>"; };
		B308E95A261D8C3700E45656 /* MenuRouter.swift */ = {isa = PBXFileReference; lastKnownFileType = sourcecode.swift; path = MenuRouter.swift; sourceTree = "<group>"; };
		B308E95B261D8C3700E45656 /* MenuViewController.swift */ = {isa = PBXFileReference; lastKnownFileType = sourcecode.swift; path = MenuViewController.swift; sourceTree = "<group>"; };
		B308E95C261D8C3700E45656 /* MenuViewModel.swift */ = {isa = PBXFileReference; lastKnownFileType = sourcecode.swift; path = MenuViewModel.swift; sourceTree = "<group>"; };
		B308E96B261D8DED00E45656 /* MenuRoute.swift */ = {isa = PBXFileReference; lastKnownFileType = sourcecode.swift; path = MenuRoute.swift; sourceTree = "<group>"; };
		B308E970261D909400E45656 /* UITableView+Extension.swift */ = {isa = PBXFileReference; lastKnownFileType = sourcecode.swift; path = "UITableView+Extension.swift"; sourceTree = "<group>"; };
		B308E976261D925C00E45656 /* MenuCell.swift */ = {isa = PBXFileReference; lastKnownFileType = sourcecode.swift; path = MenuCell.swift; sourceTree = "<group>"; };
		B308E977261D925C00E45656 /* MenuCellModel.swift */ = {isa = PBXFileReference; lastKnownFileType = sourcecode.swift; path = MenuCellModel.swift; sourceTree = "<group>"; };
		B308E981261DBEB900E45656 /* LatestUploadCell.swift */ = {isa = PBXFileReference; lastKnownFileType = sourcecode.swift; path = LatestUploadCell.swift; sourceTree = "<group>"; };
		B308E982261DBEB900E45656 /* LatestUploadCellModel.swift */ = {isa = PBXFileReference; lastKnownFileType = sourcecode.swift; path = LatestUploadCellModel.swift; sourceTree = "<group>"; };
		B308E98B261DC22000E45656 /* UISearchBar+Extension.swift */ = {isa = PBXFileReference; lastKnownFileType = sourcecode.swift; path = "UISearchBar+Extension.swift"; sourceTree = "<group>"; };
		B308E9A8261DE32C00E45656 /* HomeCategoryCard.swift */ = {isa = PBXFileReference; lastKnownFileType = sourcecode.swift; path = HomeCategoryCard.swift; sourceTree = "<group>"; };
		E294079B99E6FC024C8BA5E9 /* Pods-SWDemoApp-SWDemoAppUITests.debug.xcconfig */ = {isa = PBXFileReference; includeInIndex = 1; lastKnownFileType = text.xcconfig; name = "Pods-SWDemoApp-SWDemoAppUITests.debug.xcconfig"; path = "Target Support Files/Pods-SWDemoApp-SWDemoAppUITests/Pods-SWDemoApp-SWDemoAppUITests.debug.xcconfig"; sourceTree = "<group>"; };
		F7AE278F77EEBE64FAE1B4EE /* Pods_SWDemoApp.framework */ = {isa = PBXFileReference; explicitFileType = wrapper.framework; includeInIndex = 0; path = Pods_SWDemoApp.framework; sourceTree = BUILT_PRODUCTS_DIR; };
		F81DE28F58DD1078EE47A918 /* Pods_SWDemoAppTests.framework */ = {isa = PBXFileReference; explicitFileType = wrapper.framework; includeInIndex = 0; path = Pods_SWDemoAppTests.framework; sourceTree = BUILT_PRODUCTS_DIR; };
/* End PBXFileReference section */

/* Begin PBXFrameworksBuildPhase section */
		B308E70F261B231F00E45656 /* Frameworks */ = {
			isa = PBXFrameworksBuildPhase;
			buildActionMask = 2147483647;
			files = (
				83DEFD0FB13AD13B45E9D76C /* Pods_SWDemoApp.framework in Frameworks */,
			);
			runOnlyForDeploymentPostprocessing = 0;
		};
		B308E725261B232100E45656 /* Frameworks */ = {
			isa = PBXFrameworksBuildPhase;
			buildActionMask = 2147483647;
			files = (
				4BFAE713214D182D98BB6515 /* Pods_SWDemoAppTests.framework in Frameworks */,
			);
			runOnlyForDeploymentPostprocessing = 0;
		};
		B308E730261B232100E45656 /* Frameworks */ = {
			isa = PBXFrameworksBuildPhase;
			buildActionMask = 2147483647;
			files = (
				57AF01D5440E4A769F3F7B71 /* Pods_SWDemoApp_SWDemoAppUITests.framework in Frameworks */,
			);
			runOnlyForDeploymentPostprocessing = 0;
		};
/* End PBXFrameworksBuildPhase section */

/* Begin PBXGroup section */
		26943F7565CE4B3B2D65422F /* Frameworks */ = {
			isa = PBXGroup;
			children = (
				F7AE278F77EEBE64FAE1B4EE /* Pods_SWDemoApp.framework */,
				530BE80517E4410020CC6A32 /* Pods_SWDemoApp_SWDemoAppUITests.framework */,
				F81DE28F58DD1078EE47A918 /* Pods_SWDemoAppTests.framework */,
			);
			name = Frameworks;
			sourceTree = "<group>";
		};
		B308E709261B231F00E45656 = {
			isa = PBXGroup;
			children = (
				B308E7AF261B2D2500E45656 /* .swiftlint.yml */,
				B308E7AE261B2D2500E45656 /* swiftgen.yml */,
				B308E714261B231F00E45656 /* SWDemoApp */,
				B308E72B261B232100E45656 /* SWDemoAppTests */,
				B308E736261B232100E45656 /* SWDemoAppUITests */,
				B308E713261B231F00E45656 /* Products */,
				FED235B10BBC69F124A04BBF /* Pods */,
				26943F7565CE4B3B2D65422F /* Frameworks */,
			);
			sourceTree = "<group>";
		};
		B308E713261B231F00E45656 /* Products */ = {
			isa = PBXGroup;
			children = (
				B308E712261B231F00E45656 /* SWDemoApp.app */,
				B308E728261B232100E45656 /* SWDemoAppTests.xctest */,
				B308E733261B232100E45656 /* SWDemoAppUITests.xctest */,
			);
			name = Products;
			sourceTree = "<group>";
		};
		B308E714261B231F00E45656 /* SWDemoApp */ = {
			isa = PBXGroup;
			children = (
				B308E904261CC47700E45656 /* Cells */,
				B308E903261CC42700E45656 /* Helper */,
				B308E86E261C512E00E45656 /* Constants */,
				B308E839261B812400E45656 /* CustomComponents */,
				B308E7E4261B33FF00E45656 /* Extension */,
				B308E769261B25BC00E45656 /* Router */,
				B308E753261B237600E45656 /* App */,
				B308E749261B234F00E45656 /* Scenes */,
				B308E748261B234400E45656 /* Resources */,
			);
			path = SWDemoApp;
			sourceTree = "<group>";
		};
		B308E72B261B232100E45656 /* SWDemoAppTests */ = {
			isa = PBXGroup;
			children = (
				B308E72C261B232100E45656 /* SWDemoAppTests.swift */,
				B308E72E261B232100E45656 /* Info.plist */,
			);
			path = SWDemoAppTests;
			sourceTree = "<group>";
		};
		B308E736261B232100E45656 /* SWDemoAppUITests */ = {
			isa = PBXGroup;
			children = (
				B308E737261B232100E45656 /* SWDemoAppUITests.swift */,
				B308E739261B232100E45656 /* Info.plist */,
			);
			path = SWDemoAppUITests;
			sourceTree = "<group>";
		};
		B308E748261B234400E45656 /* Resources */ = {
			isa = PBXGroup;
			children = (
				B308E7BC261B2ECC00E45656 /* Assets */,
				B308E7BB261B2EC700E45656 /* Fonts */,
			);
			path = Resources;
			sourceTree = "<group>";
		};
		B308E749261B234F00E45656 /* Scenes */ = {
			isa = PBXGroup;
			children = (
				B308E92B261CF28800E45656 /* Home */,
				B308E8F1261CC33200E45656 /* Categories */,
				B308E796261B2A8400E45656 /* Base */,
				B308E77D261B29C200E45656 /* Auth */,
				B308E720261B232000E45656 /* LaunchScreen.storyboard */,
			);
			path = Scenes;
			sourceTree = "<group>";
		};
		B308E753261B237600E45656 /* App */ = {
			isa = PBXGroup;
			children = (
				B308E756261B23C900E45656 /* Configuration */,
				B308E755261B23BC00E45656 /* AppDelegate */,
			);
			path = App;
			sourceTree = "<group>";
		};
		B308E755261B23BC00E45656 /* AppDelegate */ = {
			isa = PBXGroup;
			children = (
				B308E715261B231F00E45656 /* AppDelegate.swift */,
			);
			path = AppDelegate;
			sourceTree = "<group>";
		};
		B308E756261B23C900E45656 /* Configuration */ = {
			isa = PBXGroup;
			children = (
				B308E723261B232000E45656 /* Info.plist */,
			);
			path = Configuration;
			sourceTree = "<group>";
		};
		B308E769261B25BC00E45656 /* Router */ = {
			isa = PBXGroup;
			children = (
				B308E772261B25EA00E45656 /* AppRouter.swift */,
				B308E76F261B25EA00E45656 /* Core */,
				B308E76A261B25EA00E45656 /* Transitions */,
			);
			path = Router;
			sourceTree = "<group>";
		};
		B308E76A261B25EA00E45656 /* Transitions */ = {
			isa = PBXGroup;
			children = (
				B308E76B261B25EA00E45656 /* ModalTransition.swift */,
				B308E76C261B25EA00E45656 /* PlaceOnWindowTransition.swift */,
				B308E76D261B25EA00E45656 /* Transition.swift */,
				B308E76E261B25EA00E45656 /* PushTransition.swift */,
			);
			path = Transitions;
			sourceTree = "<group>";
		};
		B308E76F261B25EA00E45656 /* Core */ = {
			isa = PBXGroup;
			children = (
				B308E770261B25EA00E45656 /* Animator.swift */,
				B308E771261B25EA00E45656 /* Router.swift */,
			);
			path = Core;
			sourceTree = "<group>";
		};
		B308E77D261B29C200E45656 /* Auth */ = {
			isa = PBXGroup;
			children = (
				B308E886261C7BAD00E45656 /* SignUp */,
				B308E857261BAE4A00E45656 /* Register */,
				B308E77E261B29D000E45656 /* Login */,
			);
			path = Auth;
			sourceTree = "<group>";
		};
		B308E77E261B29D000E45656 /* Login */ = {
			isa = PBXGroup;
			children = (
				B308E77F261B29EC00E45656 /* LoginRouter.swift */,
				B308E780261B29EC00E45656 /* LoginViewController.swift */,
				B308E781261B29EC00E45656 /* LoginViewModel.swift */,
				B308E78B261B2A0500E45656 /* LoginRoute.swift */,
			);
			path = Login;
			sourceTree = "<group>";
		};
		B308E796261B2A8400E45656 /* Base */ = {
			isa = PBXGroup;
			children = (
				B308E797261B2ACB00E45656 /* BaseViewController.swift */,
				B308E79F261B2ADD00E45656 /* BaseViewModel.swift */,
				B308E93D261CFB8500E45656 /* BaseNavigationController.swift */,
			);
			path = Base;
			sourceTree = "<group>";
		};
		B308E7BB261B2EC700E45656 /* Fonts */ = {
			isa = PBXGroup;
			children = (
				B308E826261B6EBA00E45656 /* omnes-light.ttf */,
				B308E828261B6EBA00E45656 /* omnes-regular.ttf */,
				B308E827261B6EBA00E45656 /* omnes-semibold.ttf */,
				B308E7FE261B607F00E45656 /* Fonts.swift */,
				B308E80A261B60A200E45656 /* UIFont+Extensions.swift */,
			);
			path = Fonts;
			sourceTree = "<group>";
		};
		B308E7BC261B2ECC00E45656 /* Assets */ = {
			isa = PBXGroup;
			children = (
				B308E7F1261B35F400E45656 /* Gradient.swift */,
				B308E7DB261B315A00E45656 /* Assets.swift */,
				B308E7DC261B315B00E45656 /* UIColor+Colors.swift */,
				B308E7DD261B315B00E45656 /* UIImage+Images.swift */,
				B308E71E261B232000E45656 /* Assets.xcassets */,
				B308E7BD261B2EEC00E45656 /* Colors.xcassets */,
				B308E7C9261B2EF900E45656 /* Images.xcassets */,
			);
			path = Assets;
			sourceTree = "<group>";
		};
		B308E7E4261B33FF00E45656 /* Extension */ = {
			isa = PBXGroup;
			children = (
				B308E7E5261B341300E45656 /* CALayer+Extension.swift */,
				B308E82F261B6F3700E45656 /* UIView+Extension.swift */,
				B308E834261B7AC100E45656 /* UIStackView+Extension.swift */,
				B308E869261C4F3500E45656 /* UIImage+Extension.swift */,
				B308E918261CC97700E45656 /* UICollectionView+Extension.swift */,
				B308E970261D909400E45656 /* UITableView+Extension.swift */,
				B308E98B261DC22000E45656 /* UISearchBar+Extension.swift */,
			);
			path = Extension;
			sourceTree = "<group>";
		};
		B308E839261B812400E45656 /* CustomComponents */ = {
			isa = PBXGroup;
			children = (
				B308E87D261C5E9B00E45656 /* Base */,
				B308E87E261C5ECD00E45656 /* RegisterTopCard.swift */,
				B308E8DE261CB04700E45656 /* CheckBox.swift */,
				B308E9A8261DE32C00E45656 /* HomeCategoryCard.swift */,
			);
			path = CustomComponents;
			sourceTree = "<group>";
		};
		B308E857261BAE4A00E45656 /* Register */ = {
			isa = PBXGroup;
			children = (
				B308E858261BAE7800E45656 /* RegisterRouter.swift */,
				B308E859261BAE7800E45656 /* RegisterViewController.swift */,
				B308E85A261BAE7800E45656 /* RegisterViewModel.swift */,
				B308E864261BAE9000E45656 /* RegisterRoute.swift */,
			);
			path = Register;
			sourceTree = "<group>";
		};
		B308E86E261C512E00E45656 /* Constants */ = {
			isa = PBXGroup;
			children = (
				B308E86F261C513E00E45656 /* Closures.swift */,
			);
			path = Constants;
			sourceTree = "<group>";
		};
		B308E87D261C5E9B00E45656 /* Base */ = {
			isa = PBXGroup;
			children = (
				B308E83B261B814900E45656 /* BaseTextField.swift */,
				B308E843261B965300E45656 /* BaseButton.swift */,
			);
			path = Base;
			sourceTree = "<group>";
		};
		B308E886261C7BAD00E45656 /* SignUp */ = {
			isa = PBXGroup;
			children = (
				B308E887261C7BCA00E45656 /* SignUpRouter.swift */,
				B308E888261C7BCA00E45656 /* SignUpViewController.swift */,
				B308E889261C7BCA00E45656 /* SignUpViewModel.swift */,
				B308E893261C7BE100E45656 /* SignUpRoute.swift */,
			);
			path = SignUp;
			sourceTree = "<group>";
		};
		B308E8F1261CC33200E45656 /* Categories */ = {
			isa = PBXGroup;
			children = (
				B308E8F2261CC34500E45656 /* CategoriesRouter.swift */,
				B308E8F3261CC34500E45656 /* CategoriesViewController.swift */,
				B308E8F4261CC34500E45656 /* CategoriesViewModel.swift */,
				B308E8FE261CC35E00E45656 /* CategoriesRoute.swift */,
			);
			path = Categories;
			sourceTree = "<group>";
		};
		B308E903261CC42700E45656 /* Helper */ = {
			isa = PBXGroup;
			children = (
				B308E899261C81B300E45656 /* AppTextField.swift */,
				B308E913261CC5C000E45656 /* ReusableView.swift */,
			);
			path = Helper;
			sourceTree = "<group>";
		};
		B308E904261CC47700E45656 /* Cells */ = {
			isa = PBXGroup;
			children = (
				B308E980261DBE9E00E45656 /* LatestUpload */,
				B308E975261D924D00E45656 /* Menu */,
				B308E920261CE51D00E45656 /* CategoryHeader */,
				B308E90F261CC49600E45656 /* Category */,
			);
			path = Cells;
			sourceTree = "<group>";
		};
		B308E90F261CC49600E45656 /* Category */ = {
			isa = PBXGroup;
			children = (
				B308E905261CC49100E45656 /* CategoryCell.swift */,
				B308E906261CC49100E45656 /* CategoryCellModel.swift */,
			);
			path = Category;
			sourceTree = "<group>";
		};
		B308E920261CE51D00E45656 /* CategoryHeader */ = {
			isa = PBXGroup;
			children = (
				B308E921261CE53100E45656 /* CategoryHeaderCell.swift */,
				B308E922261CE53100E45656 /* CategoryHeaderCellModel.swift */,
			);
			path = CategoryHeader;
			sourceTree = "<group>";
		};
		B308E92B261CF28800E45656 /* Home */ = {
			isa = PBXGroup;
			children = (
				B308E94E261D092900E45656 /* Menu */,
				B308E92C261CF85400E45656 /* HomeRouter.swift */,
				B308E92D261CF85400E45656 /* HomeViewController.swift */,
				B308E92E261CF85400E45656 /* HomeViewModel.swift */,
				B308E938261CF88700E45656 /* HomeRoute.swift */,
			);
			path = Home;
			sourceTree = "<group>";
		};
		B308E94E261D092900E45656 /* Menu */ = {
			isa = PBXGroup;
			children = (
				B308E95A261D8C3700E45656 /* MenuRouter.swift */,
				B308E95B261D8C3700E45656 /* MenuViewController.swift */,
				B308E95C261D8C3700E45656 /* MenuViewModel.swift */,
				B308E96B261D8DED00E45656 /* MenuRoute.swift */,
			);
			path = Menu;
			sourceTree = "<group>";
		};
		B308E975261D924D00E45656 /* Menu */ = {
			isa = PBXGroup;
			children = (
				B308E976261D925C00E45656 /* MenuCell.swift */,
				B308E977261D925C00E45656 /* MenuCellModel.swift */,
			);
			path = Menu;
			sourceTree = "<group>";
		};
		B308E980261DBE9E00E45656 /* LatestUpload */ = {
			isa = PBXGroup;
			children = (
				B308E981261DBEB900E45656 /* LatestUploadCell.swift */,
				B308E982261DBEB900E45656 /* LatestUploadCellModel.swift */,
			);
			path = LatestUpload;
			sourceTree = "<group>";
		};
		FED235B10BBC69F124A04BBF /* Pods */ = {
			isa = PBXGroup;
			children = (
				3418516C0D3E4E3E524CE1F3 /* Pods-SWDemoApp.debug.xcconfig */,
				3E04BCEEE949A751F59481C3 /* Pods-SWDemoApp.release.xcconfig */,
				E294079B99E6FC024C8BA5E9 /* Pods-SWDemoApp-SWDemoAppUITests.debug.xcconfig */,
				42971E6A7F98D10E50301E8F /* Pods-SWDemoApp-SWDemoAppUITests.release.xcconfig */,
				8DE2295186FB0C06D09F8BB7 /* Pods-SWDemoAppTests.debug.xcconfig */,
				9FB4F892D081F999E5748E78 /* Pods-SWDemoAppTests.release.xcconfig */,
			);
			path = Pods;
			sourceTree = "<group>";
		};
/* End PBXGroup section */

/* Begin PBXNativeTarget section */
		B308E711261B231F00E45656 /* SWDemoApp */ = {
			isa = PBXNativeTarget;
			buildConfigurationList = B308E73C261B232100E45656 /* Build configuration list for PBXNativeTarget "SWDemoApp" */;
			buildPhases = (
				6B1750F7B4578FDF4A8A85AE /* [CP] Check Pods Manifest.lock */,
				B308E7B6261B2E0D00E45656 /* SwiftGen */,
				B308E7B7261B2E2700E45656 /* SwiftLint */,
				B308E70E261B231F00E45656 /* Sources */,
				B308E70F261B231F00E45656 /* Frameworks */,
				B308E710261B231F00E45656 /* Resources */,
				944E1C44BAFE37A16C940C2A /* [CP] Embed Pods Frameworks */,
			);
			buildRules = (
			);
			dependencies = (
			);
			name = SWDemoApp;
			productName = SWDemoApp;
			productReference = B308E712261B231F00E45656 /* SWDemoApp.app */;
			productType = "com.apple.product-type.application";
		};
		B308E727261B232100E45656 /* SWDemoAppTests */ = {
			isa = PBXNativeTarget;
			buildConfigurationList = B308E73F261B232100E45656 /* Build configuration list for PBXNativeTarget "SWDemoAppTests" */;
			buildPhases = (
				8AD1AAA7387B9B5B35159470 /* [CP] Check Pods Manifest.lock */,
				B308E724261B232100E45656 /* Sources */,
				B308E725261B232100E45656 /* Frameworks */,
				B308E726261B232100E45656 /* Resources */,
			);
			buildRules = (
			);
			dependencies = (
				B308E72A261B232100E45656 /* PBXTargetDependency */,
			);
			name = SWDemoAppTests;
			productName = SWDemoAppTests;
			productReference = B308E728261B232100E45656 /* SWDemoAppTests.xctest */;
			productType = "com.apple.product-type.bundle.unit-test";
		};
		B308E732261B232100E45656 /* SWDemoAppUITests */ = {
			isa = PBXNativeTarget;
			buildConfigurationList = B308E742261B232100E45656 /* Build configuration list for PBXNativeTarget "SWDemoAppUITests" */;
			buildPhases = (
				AAE93B5EA860D64C3F551478 /* [CP] Check Pods Manifest.lock */,
				B308E72F261B232100E45656 /* Sources */,
				B308E730261B232100E45656 /* Frameworks */,
				B308E731261B232100E45656 /* Resources */,
				BC85695A955AD89EAE4498C6 /* [CP] Embed Pods Frameworks */,
			);
			buildRules = (
			);
			dependencies = (
				B308E735261B232100E45656 /* PBXTargetDependency */,
			);
			name = SWDemoAppUITests;
			productName = SWDemoAppUITests;
			productReference = B308E733261B232100E45656 /* SWDemoAppUITests.xctest */;
			productType = "com.apple.product-type.bundle.ui-testing";
		};
/* End PBXNativeTarget section */

/* Begin PBXProject section */
		B308E70A261B231F00E45656 /* Project object */ = {
			isa = PBXProject;
			attributes = {
				LastSwiftUpdateCheck = 1240;
				LastUpgradeCheck = 1240;
				TargetAttributes = {
					B308E711261B231F00E45656 = {
						CreatedOnToolsVersion = 12.4;
					};
					B308E727261B232100E45656 = {
						CreatedOnToolsVersion = 12.4;
						TestTargetID = B308E711261B231F00E45656;
					};
					B308E732261B232100E45656 = {
						CreatedOnToolsVersion = 12.4;
						TestTargetID = B308E711261B231F00E45656;
					};
				};
			};
			buildConfigurationList = B308E70D261B231F00E45656 /* Build configuration list for PBXProject "SWDemoApp" */;
			compatibilityVersion = "Xcode 9.3";
			developmentRegion = en;
			hasScannedForEncodings = 0;
			knownRegions = (
				en,
				Base,
			);
			mainGroup = B308E709261B231F00E45656;
			productRefGroup = B308E713261B231F00E45656 /* Products */;
			projectDirPath = "";
			projectRoot = "";
			targets = (
				B308E711261B231F00E45656 /* SWDemoApp */,
				B308E727261B232100E45656 /* SWDemoAppTests */,
				B308E732261B232100E45656 /* SWDemoAppUITests */,
			);
		};
/* End PBXProject section */

/* Begin PBXResourcesBuildPhase section */
		B308E710261B231F00E45656 /* Resources */ = {
			isa = PBXResourcesBuildPhase;
			buildActionMask = 2147483647;
			files = (
				B308E7BE261B2EEC00E45656 /* Colors.xcassets in Resources */,
				B308E7B1261B2D2500E45656 /* .swiftlint.yml in Resources */,
				B308E82B261B6EBA00E45656 /* omnes-regular.ttf in Resources */,
				B308E722261B232000E45656 /* LaunchScreen.storyboard in Resources */,
				B308E829261B6EBA00E45656 /* omnes-light.ttf in Resources */,
				B308E82A261B6EBA00E45656 /* omnes-semibold.ttf in Resources */,
				B308E7CA261B2EF900E45656 /* Images.xcassets in Resources */,
				B308E71F261B232000E45656 /* Assets.xcassets in Resources */,
				B308E7B0261B2D2500E45656 /* swiftgen.yml in Resources */,
			);
			runOnlyForDeploymentPostprocessing = 0;
		};
		B308E726261B232100E45656 /* Resources */ = {
			isa = PBXResourcesBuildPhase;
			buildActionMask = 2147483647;
			files = (
			);
			runOnlyForDeploymentPostprocessing = 0;
		};
		B308E731261B232100E45656 /* Resources */ = {
			isa = PBXResourcesBuildPhase;
			buildActionMask = 2147483647;
			files = (
			);
			runOnlyForDeploymentPostprocessing = 0;
		};
/* End PBXResourcesBuildPhase section */

/* Begin PBXShellScriptBuildPhase section */
		6B1750F7B4578FDF4A8A85AE /* [CP] Check Pods Manifest.lock */ = {
			isa = PBXShellScriptBuildPhase;
			buildActionMask = 2147483647;
			files = (
			);
			inputFileListPaths = (
			);
			inputPaths = (
				"${PODS_PODFILE_DIR_PATH}/Podfile.lock",
				"${PODS_ROOT}/Manifest.lock",
			);
			name = "[CP] Check Pods Manifest.lock";
			outputFileListPaths = (
			);
			outputPaths = (
				"$(DERIVED_FILE_DIR)/Pods-SWDemoApp-checkManifestLockResult.txt",
			);
			runOnlyForDeploymentPostprocessing = 0;
			shellPath = /bin/sh;
			shellScript = "diff \"${PODS_PODFILE_DIR_PATH}/Podfile.lock\" \"${PODS_ROOT}/Manifest.lock\" > /dev/null\nif [ $? != 0 ] ; then\n    # print error to STDERR\n    echo \"error: The sandbox is not in sync with the Podfile.lock. Run 'pod install' or update your CocoaPods installation.\" >&2\n    exit 1\nfi\n# This output is used by Xcode 'outputs' to avoid re-running this script phase.\necho \"SUCCESS\" > \"${SCRIPT_OUTPUT_FILE_0}\"\n";
			showEnvVarsInLog = 0;
		};
		8AD1AAA7387B9B5B35159470 /* [CP] Check Pods Manifest.lock */ = {
			isa = PBXShellScriptBuildPhase;
			buildActionMask = 2147483647;
			files = (
			);
			inputFileListPaths = (
			);
			inputPaths = (
				"${PODS_PODFILE_DIR_PATH}/Podfile.lock",
				"${PODS_ROOT}/Manifest.lock",
			);
			name = "[CP] Check Pods Manifest.lock";
			outputFileListPaths = (
			);
			outputPaths = (
				"$(DERIVED_FILE_DIR)/Pods-SWDemoAppTests-checkManifestLockResult.txt",
			);
			runOnlyForDeploymentPostprocessing = 0;
			shellPath = /bin/sh;
			shellScript = "diff \"${PODS_PODFILE_DIR_PATH}/Podfile.lock\" \"${PODS_ROOT}/Manifest.lock\" > /dev/null\nif [ $? != 0 ] ; then\n    # print error to STDERR\n    echo \"error: The sandbox is not in sync with the Podfile.lock. Run 'pod install' or update your CocoaPods installation.\" >&2\n    exit 1\nfi\n# This output is used by Xcode 'outputs' to avoid re-running this script phase.\necho \"SUCCESS\" > \"${SCRIPT_OUTPUT_FILE_0}\"\n";
			showEnvVarsInLog = 0;
		};
		944E1C44BAFE37A16C940C2A /* [CP] Embed Pods Frameworks */ = {
			isa = PBXShellScriptBuildPhase;
			buildActionMask = 2147483647;
			files = (
			);
			inputFileListPaths = (
				"${PODS_ROOT}/Target Support Files/Pods-SWDemoApp/Pods-SWDemoApp-frameworks-${CONFIGURATION}-input-files.xcfilelist",
			);
			name = "[CP] Embed Pods Frameworks";
			outputFileListPaths = (
				"${PODS_ROOT}/Target Support Files/Pods-SWDemoApp/Pods-SWDemoApp-frameworks-${CONFIGURATION}-output-files.xcfilelist",
			);
			runOnlyForDeploymentPostprocessing = 0;
			shellPath = /bin/sh;
			shellScript = "\"${PODS_ROOT}/Target Support Files/Pods-SWDemoApp/Pods-SWDemoApp-frameworks.sh\"\n";
			showEnvVarsInLog = 0;
		};
		AAE93B5EA860D64C3F551478 /* [CP] Check Pods Manifest.lock */ = {
			isa = PBXShellScriptBuildPhase;
			buildActionMask = 2147483647;
			files = (
			);
			inputFileListPaths = (
			);
			inputPaths = (
				"${PODS_PODFILE_DIR_PATH}/Podfile.lock",
				"${PODS_ROOT}/Manifest.lock",
			);
			name = "[CP] Check Pods Manifest.lock";
			outputFileListPaths = (
			);
			outputPaths = (
				"$(DERIVED_FILE_DIR)/Pods-SWDemoApp-SWDemoAppUITests-checkManifestLockResult.txt",
			);
			runOnlyForDeploymentPostprocessing = 0;
			shellPath = /bin/sh;
			shellScript = "diff \"${PODS_PODFILE_DIR_PATH}/Podfile.lock\" \"${PODS_ROOT}/Manifest.lock\" > /dev/null\nif [ $? != 0 ] ; then\n    # print error to STDERR\n    echo \"error: The sandbox is not in sync with the Podfile.lock. Run 'pod install' or update your CocoaPods installation.\" >&2\n    exit 1\nfi\n# This output is used by Xcode 'outputs' to avoid re-running this script phase.\necho \"SUCCESS\" > \"${SCRIPT_OUTPUT_FILE_0}\"\n";
			showEnvVarsInLog = 0;
		};
		B308E7B6261B2E0D00E45656 /* SwiftGen */ = {
			isa = PBXShellScriptBuildPhase;
			buildActionMask = 2147483647;
			files = (
			);
			inputFileListPaths = (
			);
			inputPaths = (
			);
			name = SwiftGen;
			outputFileListPaths = (
			);
			outputPaths = (
			);
			runOnlyForDeploymentPostprocessing = 0;
			shellPath = /bin/sh;
			shellScript = "if [[ -f \"${PODS_ROOT}/SwiftGen/bin/swiftgen\" ]]; then\n  \"${PODS_ROOT}/SwiftGen/bin/swiftgen\"\nelse\n  echo \"warning: SwiftGen is not installed. Run 'pod install --repo-update' to install it.\"\nfi\n";
		};
		B308E7B7261B2E2700E45656 /* SwiftLint */ = {
			isa = PBXShellScriptBuildPhase;
			buildActionMask = 2147483647;
			files = (
			);
			inputFileListPaths = (
			);
			inputPaths = (
			);
			name = SwiftLint;
			outputFileListPaths = (
			);
			outputPaths = (
			);
			runOnlyForDeploymentPostprocessing = 0;
			shellPath = /bin/sh;
			shellScript = "\"${PODS_ROOT}/SwiftLint/swiftlint\"\n";
		};
		BC85695A955AD89EAE4498C6 /* [CP] Embed Pods Frameworks */ = {
			isa = PBXShellScriptBuildPhase;
			buildActionMask = 2147483647;
			files = (
			);
			inputFileListPaths = (
				"${PODS_ROOT}/Target Support Files/Pods-SWDemoApp-SWDemoAppUITests/Pods-SWDemoApp-SWDemoAppUITests-frameworks-${CONFIGURATION}-input-files.xcfilelist",
			);
			name = "[CP] Embed Pods Frameworks";
			outputFileListPaths = (
				"${PODS_ROOT}/Target Support Files/Pods-SWDemoApp-SWDemoAppUITests/Pods-SWDemoApp-SWDemoAppUITests-frameworks-${CONFIGURATION}-output-files.xcfilelist",
			);
			runOnlyForDeploymentPostprocessing = 0;
			shellPath = /bin/sh;
			shellScript = "\"${PODS_ROOT}/Target Support Files/Pods-SWDemoApp-SWDemoAppUITests/Pods-SWDemoApp-SWDemoAppUITests-frameworks.sh\"\n";
			showEnvVarsInLog = 0;
		};
/* End PBXShellScriptBuildPhase section */

/* Begin PBXSourcesBuildPhase section */
		B308E70E261B231F00E45656 /* Sources */ = {
			isa = PBXSourcesBuildPhase;
			buildActionMask = 2147483647;
			files = (
				B308E85C261BAE7800E45656 /* RegisterViewController.swift in Sources */,
				B308E830261B6F3700E45656 /* UIView+Extension.swift in Sources */,
				B308E939261CF88700E45656 /* HomeRoute.swift in Sources */,
				B308E87F261C5ECD00E45656 /* RegisterTopCard.swift in Sources */,
				B308E979261D925C00E45656 /* MenuCellModel.swift in Sources */,
				B308E798261B2ACB00E45656 /* BaseViewController.swift in Sources */,
				B308E777261B25EB00E45656 /* Animator.swift in Sources */,
				B308E7E0261B315B00E45656 /* UIImage+Images.swift in Sources */,
				B308E776261B25EB00E45656 /* PushTransition.swift in Sources */,
				B308E89A261C81B300E45656 /* AppTextField.swift in Sources */,
				B308E7A0261B2ADD00E45656 /* BaseViewModel.swift in Sources */,
				B308E92F261CF85400E45656 /* HomeRouter.swift in Sources */,
				B308E95D261D8C3700E45656 /* MenuRouter.swift in Sources */,
				B308E7F2261B35F400E45656 /* Gradient.swift in Sources */,
				B308E7E6261B341300E45656 /* CALayer+Extension.swift in Sources */,
				B308E784261B29EC00E45656 /* LoginViewModel.swift in Sources */,
				B308E95F261D8C3700E45656 /* MenuViewModel.swift in Sources */,
				B308E773261B25EB00E45656 /* ModalTransition.swift in Sources */,
				B308E778261B25EB00E45656 /* Router.swift in Sources */,
				B308E96C261D8DED00E45656 /* MenuRoute.swift in Sources */,
				B308E971261D909400E45656 /* UITableView+Extension.swift in Sources */,
				B308E8F6261CC34600E45656 /* CategoriesViewController.swift in Sources */,
				B308E85B261BAE7800E45656 /* RegisterRouter.swift in Sources */,
				B308E924261CE53100E45656 /* CategoryHeaderCellModel.swift in Sources */,
				B308E779261B25EB00E45656 /* AppRouter.swift in Sources */,
				B308E7DE261B315B00E45656 /* Assets.swift in Sources */,
				B308E865261BAE9000E45656 /* RegisterRoute.swift in Sources */,
				B308E98C261DC22000E45656 /* UISearchBar+Extension.swift in Sources */,
				B308E923261CE53100E45656 /* CategoryHeaderCell.swift in Sources */,
				B308E7DF261B315B00E45656 /* UIColor+Colors.swift in Sources */,
				B308E80B261B60A200E45656 /* UIFont+Extensions.swift in Sources */,
				B308E95E261D8C3700E45656 /* MenuViewController.swift in Sources */,
				B308E782261B29EC00E45656 /* LoginRouter.swift in Sources */,
				B308E930261CF85400E45656 /* HomeViewController.swift in Sources */,
				B308E919261CC97700E45656 /* UICollectionView+Extension.swift in Sources */,
				B308E716261B231F00E45656 /* AppDelegate.swift in Sources */,
				B308E93E261CFB8500E45656 /* BaseNavigationController.swift in Sources */,
				B308E894261C7BE100E45656 /* SignUpRoute.swift in Sources */,
				B308E984261DBEB900E45656 /* LatestUploadCellModel.swift in Sources */,
				B308E775261B25EB00E45656 /* Transition.swift in Sources */,
				B308E908261CC49200E45656 /* CategoryCellModel.swift in Sources */,
				B308E88B261C7BCA00E45656 /* SignUpViewController.swift in Sources */,
				B308E803261B608100E45656 /* Fonts.swift in Sources */,
				B308E907261CC49100E45656 /* CategoryCell.swift in Sources */,
				B308E931261CF85400E45656 /* HomeViewModel.swift in Sources */,
				B308E8DF261CB04800E45656 /* CheckBox.swift in Sources */,
				B308E783261B29EC00E45656 /* LoginViewController.swift in Sources */,
				B308E774261B25EB00E45656 /* PlaceOnWindowTransition.swift in Sources */,
				B308E8F7261CC34600E45656 /* CategoriesViewModel.swift in Sources */,
				B308E8F5261CC34600E45656 /* CategoriesRouter.swift in Sources */,
				B308E983261DBEB900E45656 /* LatestUploadCell.swift in Sources */,
				B308E85D261BAE7800E45656 /* RegisterViewModel.swift in Sources */,
				B308E9A9261DE32C00E45656 /* HomeCategoryCard.swift in Sources */,
				B308E88C261C7BCA00E45656 /* SignUpViewModel.swift in Sources */,
				B308E914261CC5C000E45656 /* ReusableView.swift in Sources */,
				B308E870261C513E00E45656 /* Closures.swift in Sources */,
				B308E88A261C7BCA00E45656 /* SignUpRouter.swift in Sources */,
				B308E835261B7AC100E45656 /* UIStackView+Extension.swift in Sources */,
				B308E78C261B2A0500E45656 /* LoginRoute.swift in Sources */,
				B308E86A261C4F3600E45656 /* UIImage+Extension.swift in Sources */,
				B308E83C261B814900E45656 /* BaseTextField.swift in Sources */,
				B308E978261D925C00E45656 /* MenuCell.swift in Sources */,
				B308E844261B965400E45656 /* BaseButton.swift in Sources */,
				B308E8FF261CC35E00E45656 /* CategoriesRoute.swift in Sources */,
			);
			runOnlyForDeploymentPostprocessing = 0;
		};
		B308E724261B232100E45656 /* Sources */ = {
			isa = PBXSourcesBuildPhase;
			buildActionMask = 2147483647;
			files = (
				B308E72D261B232100E45656 /* SWDemoAppTests.swift in Sources */,
			);
			runOnlyForDeploymentPostprocessing = 0;
		};
		B308E72F261B232100E45656 /* Sources */ = {
			isa = PBXSourcesBuildPhase;
			buildActionMask = 2147483647;
			files = (
				B308E738261B232100E45656 /* SWDemoAppUITests.swift in Sources */,
			);
			runOnlyForDeploymentPostprocessing = 0;
		};
/* End PBXSourcesBuildPhase section */

/* Begin PBXTargetDependency section */
		B308E72A261B232100E45656 /* PBXTargetDependency */ = {
			isa = PBXTargetDependency;
			target = B308E711261B231F00E45656 /* SWDemoApp */;
			targetProxy = B308E729261B232100E45656 /* PBXContainerItemProxy */;
		};
		B308E735261B232100E45656 /* PBXTargetDependency */ = {
			isa = PBXTargetDependency;
			target = B308E711261B231F00E45656 /* SWDemoApp */;
			targetProxy = B308E734261B232100E45656 /* PBXContainerItemProxy */;
		};
/* End PBXTargetDependency section */

/* Begin PBXVariantGroup section */
		B308E720261B232000E45656 /* LaunchScreen.storyboard */ = {
			isa = PBXVariantGroup;
			children = (
				B308E721261B232000E45656 /* Base */,
			);
			name = LaunchScreen.storyboard;
			sourceTree = "<group>";
		};
/* End PBXVariantGroup section */

/* Begin XCBuildConfiguration section */
		B308E73A261B232100E45656 /* Debug */ = {
			isa = XCBuildConfiguration;
			buildSettings = {
				ALWAYS_SEARCH_USER_PATHS = NO;
				CLANG_ANALYZER_NONNULL = YES;
				CLANG_ANALYZER_NUMBER_OBJECT_CONVERSION = YES_AGGRESSIVE;
				CLANG_CXX_LANGUAGE_STANDARD = "gnu++14";
				CLANG_CXX_LIBRARY = "libc++";
				CLANG_ENABLE_MODULES = YES;
				CLANG_ENABLE_OBJC_ARC = YES;
				CLANG_ENABLE_OBJC_WEAK = YES;
				CLANG_WARN_BLOCK_CAPTURE_AUTORELEASING = YES;
				CLANG_WARN_BOOL_CONVERSION = YES;
				CLANG_WARN_COMMA = YES;
				CLANG_WARN_CONSTANT_CONVERSION = YES;
				CLANG_WARN_DEPRECATED_OBJC_IMPLEMENTATIONS = YES;
				CLANG_WARN_DIRECT_OBJC_ISA_USAGE = YES_ERROR;
				CLANG_WARN_DOCUMENTATION_COMMENTS = YES;
				CLANG_WARN_EMPTY_BODY = YES;
				CLANG_WARN_ENUM_CONVERSION = YES;
				CLANG_WARN_INFINITE_RECURSION = YES;
				CLANG_WARN_INT_CONVERSION = YES;
				CLANG_WARN_NON_LITERAL_NULL_CONVERSION = YES;
				CLANG_WARN_OBJC_IMPLICIT_RETAIN_SELF = YES;
				CLANG_WARN_OBJC_LITERAL_CONVERSION = YES;
				CLANG_WARN_OBJC_ROOT_CLASS = YES_ERROR;
				CLANG_WARN_QUOTED_INCLUDE_IN_FRAMEWORK_HEADER = YES;
				CLANG_WARN_RANGE_LOOP_ANALYSIS = YES;
				CLANG_WARN_STRICT_PROTOTYPES = YES;
				CLANG_WARN_SUSPICIOUS_MOVE = YES;
				CLANG_WARN_UNGUARDED_AVAILABILITY = YES_AGGRESSIVE;
				CLANG_WARN_UNREACHABLE_CODE = YES;
				CLANG_WARN__DUPLICATE_METHOD_MATCH = YES;
				COPY_PHASE_STRIP = NO;
				DEBUG_INFORMATION_FORMAT = dwarf;
				ENABLE_STRICT_OBJC_MSGSEND = YES;
				ENABLE_TESTABILITY = YES;
				GCC_C_LANGUAGE_STANDARD = gnu11;
				GCC_DYNAMIC_NO_PIC = NO;
				GCC_NO_COMMON_BLOCKS = YES;
				GCC_OPTIMIZATION_LEVEL = 0;
				GCC_PREPROCESSOR_DEFINITIONS = (
					"DEBUG=1",
					"$(inherited)",
				);
				GCC_WARN_64_TO_32_BIT_CONVERSION = YES;
				GCC_WARN_ABOUT_RETURN_TYPE = YES_ERROR;
				GCC_WARN_UNDECLARED_SELECTOR = YES;
				GCC_WARN_UNINITIALIZED_AUTOS = YES_AGGRESSIVE;
				GCC_WARN_UNUSED_FUNCTION = YES;
				GCC_WARN_UNUSED_VARIABLE = YES;
				IPHONEOS_DEPLOYMENT_TARGET = 13.0;
				MTL_ENABLE_DEBUG_INFO = INCLUDE_SOURCE;
				MTL_FAST_MATH = YES;
				ONLY_ACTIVE_ARCH = YES;
				SDKROOT = iphoneos;
				SWIFT_ACTIVE_COMPILATION_CONDITIONS = DEBUG;
				SWIFT_OPTIMIZATION_LEVEL = "-Onone";
			};
			name = Debug;
		};
		B308E73B261B232100E45656 /* Release */ = {
			isa = XCBuildConfiguration;
			buildSettings = {
				ALWAYS_SEARCH_USER_PATHS = NO;
				CLANG_ANALYZER_NONNULL = YES;
				CLANG_ANALYZER_NUMBER_OBJECT_CONVERSION = YES_AGGRESSIVE;
				CLANG_CXX_LANGUAGE_STANDARD = "gnu++14";
				CLANG_CXX_LIBRARY = "libc++";
				CLANG_ENABLE_MODULES = YES;
				CLANG_ENABLE_OBJC_ARC = YES;
				CLANG_ENABLE_OBJC_WEAK = YES;
				CLANG_WARN_BLOCK_CAPTURE_AUTORELEASING = YES;
				CLANG_WARN_BOOL_CONVERSION = YES;
				CLANG_WARN_COMMA = YES;
				CLANG_WARN_CONSTANT_CONVERSION = YES;
				CLANG_WARN_DEPRECATED_OBJC_IMPLEMENTATIONS = YES;
				CLANG_WARN_DIRECT_OBJC_ISA_USAGE = YES_ERROR;
				CLANG_WARN_DOCUMENTATION_COMMENTS = YES;
				CLANG_WARN_EMPTY_BODY = YES;
				CLANG_WARN_ENUM_CONVERSION = YES;
				CLANG_WARN_INFINITE_RECURSION = YES;
				CLANG_WARN_INT_CONVERSION = YES;
				CLANG_WARN_NON_LITERAL_NULL_CONVERSION = YES;
				CLANG_WARN_OBJC_IMPLICIT_RETAIN_SELF = YES;
				CLANG_WARN_OBJC_LITERAL_CONVERSION = YES;
				CLANG_WARN_OBJC_ROOT_CLASS = YES_ERROR;
				CLANG_WARN_QUOTED_INCLUDE_IN_FRAMEWORK_HEADER = YES;
				CLANG_WARN_RANGE_LOOP_ANALYSIS = YES;
				CLANG_WARN_STRICT_PROTOTYPES = YES;
				CLANG_WARN_SUSPICIOUS_MOVE = YES;
				CLANG_WARN_UNGUARDED_AVAILABILITY = YES_AGGRESSIVE;
				CLANG_WARN_UNREACHABLE_CODE = YES;
				CLANG_WARN__DUPLICATE_METHOD_MATCH = YES;
				COPY_PHASE_STRIP = NO;
				DEBUG_INFORMATION_FORMAT = "dwarf-with-dsym";
				ENABLE_NS_ASSERTIONS = NO;
				ENABLE_STRICT_OBJC_MSGSEND = YES;
				GCC_C_LANGUAGE_STANDARD = gnu11;
				GCC_NO_COMMON_BLOCKS = YES;
				GCC_WARN_64_TO_32_BIT_CONVERSION = YES;
				GCC_WARN_ABOUT_RETURN_TYPE = YES_ERROR;
				GCC_WARN_UNDECLARED_SELECTOR = YES;
				GCC_WARN_UNINITIALIZED_AUTOS = YES_AGGRESSIVE;
				GCC_WARN_UNUSED_FUNCTION = YES;
				GCC_WARN_UNUSED_VARIABLE = YES;
				IPHONEOS_DEPLOYMENT_TARGET = 13.0;
				MTL_ENABLE_DEBUG_INFO = NO;
				MTL_FAST_MATH = YES;
				SDKROOT = iphoneos;
				SWIFT_COMPILATION_MODE = wholemodule;
				SWIFT_OPTIMIZATION_LEVEL = "-O";
				VALIDATE_PRODUCT = YES;
			};
			name = Release;
		};
		B308E73D261B232100E45656 /* Debug */ = {
			isa = XCBuildConfiguration;
			baseConfigurationReference = 3418516C0D3E4E3E524CE1F3 /* Pods-SWDemoApp.debug.xcconfig */;
			buildSettings = {
				ASSETCATALOG_COMPILER_APPICON_NAME = AppIcon;
				ASSETCATALOG_COMPILER_GLOBAL_ACCENT_COLOR_NAME = AccentColor;
				CODE_SIGN_STYLE = Automatic;
				DEVELOPMENT_TEAM = HFL2XR2K5F;
				INFOPLIST_FILE = "$(SRCROOT)/SWDemoApp/App/Configuration/Info.plist";
				LD_RUNPATH_SEARCH_PATHS = (
					"$(inherited)",
					"@executable_path/Frameworks",
				);
				PRODUCT_BUNDLE_IDENTIFIER = com.burakkaya.SWDemoApp;
				PRODUCT_NAME = "$(TARGET_NAME)";
				SWIFT_VERSION = 5.0;
				TARGETED_DEVICE_FAMILY = "1,2";
			};
			name = Debug;
		};
		B308E73E261B232100E45656 /* Release */ = {
			isa = XCBuildConfiguration;
			baseConfigurationReference = 3E04BCEEE949A751F59481C3 /* Pods-SWDemoApp.release.xcconfig */;
			buildSettings = {
				ASSETCATALOG_COMPILER_APPICON_NAME = AppIcon;
				ASSETCATALOG_COMPILER_GLOBAL_ACCENT_COLOR_NAME = AccentColor;
				CODE_SIGN_STYLE = Automatic;
				DEVELOPMENT_TEAM = HFL2XR2K5F;
				INFOPLIST_FILE = "$(SRCROOT)/SWDemoApp/App/Configuration/Info.plist";
				LD_RUNPATH_SEARCH_PATHS = (
					"$(inherited)",
					"@executable_path/Frameworks",
				);
				PRODUCT_BUNDLE_IDENTIFIER = com.burakkaya.SWDemoApp;
				PRODUCT_NAME = "$(TARGET_NAME)";
				SWIFT_VERSION = 5.0;
				TARGETED_DEVICE_FAMILY = "1,2";
			};
			name = Release;
		};
		B308E740261B232100E45656 /* Debug */ = {
			isa = XCBuildConfiguration;
			baseConfigurationReference = 8DE2295186FB0C06D09F8BB7 /* Pods-SWDemoAppTests.debug.xcconfig */;
			buildSettings = {
				ALWAYS_EMBED_SWIFT_STANDARD_LIBRARIES = YES;
				BUNDLE_LOADER = "$(TEST_HOST)";
				CODE_SIGN_STYLE = Automatic;
				DEVELOPMENT_TEAM = HFL2XR2K5F;
				INFOPLIST_FILE = SWDemoAppTests/Info.plist;
				IPHONEOS_DEPLOYMENT_TARGET = 14.4;
				LD_RUNPATH_SEARCH_PATHS = (
					"$(inherited)",
					"@executable_path/Frameworks",
					"@loader_path/Frameworks",
				);
				PRODUCT_BUNDLE_IDENTIFIER = com.burakkaya.SWDemoAppTests;
				PRODUCT_NAME = "$(TARGET_NAME)";
				SWIFT_VERSION = 5.0;
				TARGETED_DEVICE_FAMILY = "1,2";
				TEST_HOST = "$(BUILT_PRODUCTS_DIR)/SWDemoApp.app/SWDemoApp";
			};
			name = Debug;
		};
		B308E741261B232100E45656 /* Release */ = {
			isa = XCBuildConfiguration;
			baseConfigurationReference = 9FB4F892D081F999E5748E78 /* Pods-SWDemoAppTests.release.xcconfig */;
			buildSettings = {
				ALWAYS_EMBED_SWIFT_STANDARD_LIBRARIES = YES;
				BUNDLE_LOADER = "$(TEST_HOST)";
				CODE_SIGN_STYLE = Automatic;
				DEVELOPMENT_TEAM = HFL2XR2K5F;
				INFOPLIST_FILE = SWDemoAppTests/Info.plist;
				IPHONEOS_DEPLOYMENT_TARGET = 14.4;
				LD_RUNPATH_SEARCH_PATHS = (
					"$(inherited)",
					"@executable_path/Frameworks",
					"@loader_path/Frameworks",
				);
				PRODUCT_BUNDLE_IDENTIFIER = com.burakkaya.SWDemoAppTests;
				PRODUCT_NAME = "$(TARGET_NAME)";
				SWIFT_VERSION = 5.0;
				TARGETED_DEVICE_FAMILY = "1,2";
				TEST_HOST = "$(BUILT_PRODUCTS_DIR)/SWDemoApp.app/SWDemoApp";
			};
			name = Release;
		};
		B308E743261B232100E45656 /* Debug */ = {
			isa = XCBuildConfiguration;
			baseConfigurationReference = E294079B99E6FC024C8BA5E9 /* Pods-SWDemoApp-SWDemoAppUITests.debug.xcconfig */;
			buildSettings = {
				ALWAYS_EMBED_SWIFT_STANDARD_LIBRARIES = YES;
				CODE_SIGN_STYLE = Automatic;
				DEVELOPMENT_TEAM = HFL2XR2K5F;
				INFOPLIST_FILE = SWDemoAppUITests/Info.plist;
				LD_RUNPATH_SEARCH_PATHS = (
					"$(inherited)",
					"@executable_path/Frameworks",
					"@loader_path/Frameworks",
				);
				PRODUCT_BUNDLE_IDENTIFIER = com.burakkaya.SWDemoAppUITests;
				PRODUCT_NAME = "$(TARGET_NAME)";
				SWIFT_VERSION = 5.0;
				TARGETED_DEVICE_FAMILY = "1,2";
				TEST_TARGET_NAME = SWDemoApp;
			};
			name = Debug;
		};
		B308E744261B232100E45656 /* Release */ = {
			isa = XCBuildConfiguration;
			baseConfigurationReference = 42971E6A7F98D10E50301E8F /* Pods-SWDemoApp-SWDemoAppUITests.release.xcconfig */;
			buildSettings = {
				ALWAYS_EMBED_SWIFT_STANDARD_LIBRARIES = YES;
				CODE_SIGN_STYLE = Automatic;
				DEVELOPMENT_TEAM = HFL2XR2K5F;
				INFOPLIST_FILE = SWDemoAppUITests/Info.plist;
				LD_RUNPATH_SEARCH_PATHS = (
					"$(inherited)",
					"@executable_path/Frameworks",
					"@loader_path/Frameworks",
				);
				PRODUCT_BUNDLE_IDENTIFIER = com.burakkaya.SWDemoAppUITests;
				PRODUCT_NAME = "$(TARGET_NAME)";
				SWIFT_VERSION = 5.0;
				TARGETED_DEVICE_FAMILY = "1,2";
				TEST_TARGET_NAME = SWDemoApp;
			};
			name = Release;
		};
/* End XCBuildConfiguration section */

/* Begin XCConfigurationList section */
		B308E70D261B231F00E45656 /* Build configuration list for PBXProject "SWDemoApp" */ = {
			isa = XCConfigurationList;
			buildConfigurations = (
				B308E73A261B232100E45656 /* Debug */,
				B308E73B261B232100E45656 /* Release */,
			);
			defaultConfigurationIsVisible = 0;
			defaultConfigurationName = Release;
		};
		B308E73C261B232100E45656 /* Build configuration list for PBXNativeTarget "SWDemoApp" */ = {
			isa = XCConfigurationList;
			buildConfigurations = (
				B308E73D261B232100E45656 /* Debug */,
				B308E73E261B232100E45656 /* Release */,
			);
			defaultConfigurationIsVisible = 0;
			defaultConfigurationName = Release;
		};
		B308E73F261B232100E45656 /* Build configuration list for PBXNativeTarget "SWDemoAppTests" */ = {
			isa = XCConfigurationList;
			buildConfigurations = (
				B308E740261B232100E45656 /* Debug */,
				B308E741261B232100E45656 /* Release */,
			);
			defaultConfigurationIsVisible = 0;
			defaultConfigurationName = Release;
		};
		B308E742261B232100E45656 /* Build configuration list for PBXNativeTarget "SWDemoAppUITests" */ = {
			isa = XCConfigurationList;
			buildConfigurations = (
				B308E743261B232100E45656 /* Debug */,
				B308E744261B232100E45656 /* Release */,
			);
			defaultConfigurationIsVisible = 0;
			defaultConfigurationName = Release;
		};
/* End XCConfigurationList section */
	};
	rootObject = B308E70A261B231F00E45656 /* Project object */;
}
